
Microsoft Visual Studio Solution File, Format Version 12.00
# Visual Studio Version 17
VisualStudioVersion = 17.1.32228.430
MinimumVisualStudioVersion = 10.0.40219.1
Project("{9A19103F-16F7-4668-BE54-9A1E7A4F7556}") = "CloseWatch", "CoreDemo\CloseWatch.csproj", "{E07374BA-6556-429D-91D9-24F03ED94E4C}"
EndProject
Project("{9A19103F-16F7-4668-BE54-9A1E7A4F7556}") = "EntityLayer", "EntityLayer\EntityLayer.csproj", "{8FFDFAD6-F30D-46DF-95CA-FB55E3B5B858}"
EndProject
Project("{9A19103F-16F7-4668-BE54-9A1E7A4F7556}") = "DataAccessLayer", "DataAccessLayer\DataAccessLayer.csproj", "{11A10C7D-3EAF-4309-847C-3A7EACF2CD16}"
EndProject
Project("{9A19103F-16F7-4668-BE54-9A1E7A4F7556}") = "BusinessLayer", "BusinessLayer\BusinessLayer.csproj", "{E6B649B7-76A2-4D35-9557-D731254D9450}"
EndProject
Project("{9A19103F-16F7-4668-BE54-9A1E7A4F7556}") = "CoreLayer", "CoreLayer\CoreLayer.csproj", "{E05FE872-B7A0-40AD-94EE-9C9233CFFA20}"
EndProject
Global
	GlobalSection(SolutionConfigurationPlatforms) = preSolution
		Debug|Any CPU = Debug|Any CPU
		Release|Any CPU = Release|Any CPU
	EndGlobalSection
	GlobalSection(ProjectConfigurationPlatforms) = postSolution
		{E07374BA-6556-429D-91D9-24F03ED94E4C}.Debug|Any CPU.ActiveCfg = Debug|Any CPU
		{E07374BA-6556-429D-91D9-24F03ED94E4C}.Debug|Any CPU.Build.0 = Debug|Any CPU
		{E07374BA-6556-429D-91D9-24F03ED94E4C}.Release|Any CPU.ActiveCfg = Release|Any CPU
		{E07374BA-6556-429D-91D9-24F03ED94E4C}.Release|Any CPU.Build.0 = Release|Any CPU
		{8FFDFAD6-F30D-46DF-95CA-FB55E3B5B858}.Debug|Any CPU.ActiveCfg = Debug|Any CPU
		{8FFDFAD6-F30D-46DF-95CA-FB55E3B5B858}.Debug|Any CPU.Build.0 = Debug|Any CPU
		{8FFDFAD6-F30D-46DF-95CA-FB55E3B5B858}.Release|Any CPU.ActiveCfg = Release|Any CPU
		{8FFDFAD6-F30D-46DF-95CA-FB55E3B5B858}.Release|Any CPU.Build.0 = Release|Any CPU
		{11A10C7D-3EAF-4309-847C-3A7EACF2CD16}.Debug|Any CPU.ActiveCfg = Debug|Any CPU
		{11A10C7D-3EAF-4309-847C-3A7EACF2CD16}.Debug|Any CPU.Build.0 = Debug|Any CPU
		{11A10C7D-3EAF-4309-847C-3A7EACF2CD16}.Release|Any CPU.ActiveCfg = Release|Any CPU
		{11A10C7D-3EAF-4309-847C-3A7EACF2CD16}.Release|Any CPU.Build.0 = Release|Any CPU
		{E6B649B7-76A2-4D35-9557-D731254D9450}.Debug|Any CPU.ActiveCfg = Debug|Any CPU
		{E6B649B7-76A2-4D35-9557-D731254D9450}.Debug|Any CPU.Build.0 = Debug|Any CPU
		{E6B649B7-76A2-4D35-9557-D731254D9450}.Release|Any CPU.ActiveCfg = Release|Any CPU
		{E6B649B7-76A2-4D35-9557-D731254D9450}.Release|Any CPU.Build.0 = Release|Any CPU
		{E05FE872-B7A0-40AD-94EE-9C9233CFFA20}.Debug|Any CPU.ActiveCfg = Debug|Any CPU
		{E05FE872-B7A0-40AD-94EE-9C9233CFFA20}.Debug|Any CPU.Build.0 = Debug|Any CPU
		{E05FE872-B7A0-40AD-94EE-9C9233CFFA20}.Release|Any CPU.ActiveCfg = Release|Any CPU
		{E05FE872-B7A0-40AD-94EE-9C9233CFFA20}.Release|Any CPU.Build.0 = Release|Any CPU
	EndGlobalSection
	GlobalSection(SolutionProperties) = preSolution
		HideSolutionNode = FALSE
	EndGlobalSection
	GlobalSection(ExtensibilityGlobals) = postSolution
		SolutionGuid = {B9F644CA-FF6D-4D41-B734-1A863AC248A1}
	EndGlobalSection
EndGlobal
